
Microsoft Visual Studio Solution File, Format Version 12.00
# Visual Studio 15
VisualStudioVersion = 15.0.27004.2006
MinimumVisualStudioVersion = 10.0.40219.1
Project("{FAE04EC0-301F-11D3-BF4B-00C04F79EFBC}") = "ScannerNAV", "ScannerNAV\ScannerNAV.csproj", "{739513F7-6D35-48C7-B60F-EDC7D8D9C9AE}"
EndProject
Global
	GlobalSection(SolutionConfigurationPlatforms) = preSolution
		Debug|Any CPU = Debug|Any CPU
		Release|Any CPU = Release|Any CPU
	EndGlobalSection
	GlobalSection(ProjectConfigurationPlatforms) = postSolution
		{739513F7-6D35-48C7-B60F-EDC7D8D9C9AE}.Debug|Any CPU.ActiveCfg = Debug|Any CPU
		{739513F7-6D35-48C7-B60F-EDC7D8D9C9AE}.Debug|Any CPU.Build.0 = Debug|Any CPU
		{739513F7-6D35-48C7-B60F-EDC7D8D9C9AE}.Debug|Any CPU.Deploy.0 = Debug|Any CPU
		{739513F7-6D35-48C7-B60F-EDC7D8D9C9AE}.Release|Any CPU.ActiveCfg = Release|Any CPU
		{739513F7-6D35-48C7-B60F-EDC7D8D9C9AE}.Release|Any CPU.Build.0 = Release|Any CPU
		{739513F7-6D35-48C7-B60F-EDC7D8D9C9AE}.Release|Any CPU.Deploy.0 = Release|Any CPU
	EndGlobalSection
	GlobalSection(SolutionProperties) = preSolution
		HideSolutionNode = FALSE
	EndGlobalSection
	GlobalSection(ExtensibilityGlobals) = postSolution
		SolutionGuid = {57D1F89D-63A8-42EC-9E8C-C6B5944B8A86}
	EndGlobalSection
EndGlobal
